
Microsoft Visual Studio Solution File, Format Version 12.00
# Visual Studio Version 16
VisualStudioVersion = 16.0.30114.105
MinimumVisualStudioVersion = 10.0.40219.1
Project("{2150E333-8FDC-42A3-9474-1A3956D46DE8}") = "src", "src", "{3A6761CE-00BB-43E3-A355-FC1D588CD773}"
EndProject
Project("{FAE04EC0-301F-11D3-BF4B-00C04F79EFBC}") = "Domain", "src\Domain\Domain.csproj", "{A6C36B8D-7477-4B60-8DFC-C7DC5234A031}"
EndProject
Project("{FAE04EC0-301F-11D3-BF4B-00C04F79EFBC}") = "Infrastructure", "src\Infrastructure\Infrastructure.csproj", "{73CF60C9-ECF4-4E26-A370-2D07C78973FD}"
EndProject
Project("{FAE04EC0-301F-11D3-BF4B-00C04F79EFBC}") = "API", "src\API\API.csproj", "{5427A374-3AC1-4124-B8C2-4DA7295A4AB7}"
EndProject
Project("{FAE04EC0-301F-11D3-BF4B-00C04F79EFBC}") = "Application", "src\Application\Application.csproj", "{90B6A2C8-6BA5-44B4-A170-4B1D04A28F46}"
EndProject
Project("{2150E333-8FDC-42A3-9474-1A3956D46DE8}") = "tests", "tests", "{B67BA8BB-4EAF-41C9-83C6-4CF93DFBD302}"
EndProject
Project("{FAE04EC0-301F-11D3-BF4B-00C04F79EFBC}") = "Unit-tests", "tests\Unit-tests\Unit-tests.csproj", "{E348CE92-C475-4128-840D-7D1D21F72CC9}"
EndProject
Project("{FAE04EC0-301F-11D3-BF4B-00C04F79EFBC}") = "Domain-tests", "tests\Domain-tests\Domain-tests.csproj", "{8501D62F-BA85-4A3F-9DCA-450E03B02033}"
EndProject
Project("{FAE04EC0-301F-11D3-BF4B-00C04F79EFBC}") = "Integration-tests", "tests\Integration-tests\Integration-tests.csproj", "{9F67FDEE-B3F6-4392-83BE-C0949ADD0B61}"
EndProject
Global
	GlobalSection(SolutionConfigurationPlatforms) = preSolution
		Debug|Any CPU = Debug|Any CPU
		Debug|x64 = Debug|x64
		Debug|x86 = Debug|x86
		Release|Any CPU = Release|Any CPU
		Release|x64 = Release|x64
		Release|x86 = Release|x86
	EndGlobalSection
	GlobalSection(SolutionProperties) = preSolution
		HideSolutionNode = FALSE
	EndGlobalSection
	GlobalSection(ProjectConfigurationPlatforms) = postSolution
		{A6C36B8D-7477-4B60-8DFC-C7DC5234A031}.Debug|Any CPU.ActiveCfg = Debug|Any CPU
		{A6C36B8D-7477-4B60-8DFC-C7DC5234A031}.Debug|Any CPU.Build.0 = Debug|Any CPU
		{A6C36B8D-7477-4B60-8DFC-C7DC5234A031}.Debug|x64.ActiveCfg = Debug|Any CPU
		{A6C36B8D-7477-4B60-8DFC-C7DC5234A031}.Debug|x64.Build.0 = Debug|Any CPU
		{A6C36B8D-7477-4B60-8DFC-C7DC5234A031}.Debug|x86.ActiveCfg = Debug|Any CPU
		{A6C36B8D-7477-4B60-8DFC-C7DC5234A031}.Debug|x86.Build.0 = Debug|Any CPU
		{A6C36B8D-7477-4B60-8DFC-C7DC5234A031}.Release|Any CPU.ActiveCfg = Release|Any CPU
		{A6C36B8D-7477-4B60-8DFC-C7DC5234A031}.Release|Any CPU.Build.0 = Release|Any CPU
		{A6C36B8D-7477-4B60-8DFC-C7DC5234A031}.Release|x64.ActiveCfg = Release|Any CPU
		{A6C36B8D-7477-4B60-8DFC-C7DC5234A031}.Release|x64.Build.0 = Release|Any CPU
		{A6C36B8D-7477-4B60-8DFC-C7DC5234A031}.Release|x86.ActiveCfg = Release|Any CPU
		{A6C36B8D-7477-4B60-8DFC-C7DC5234A031}.Release|x86.Build.0 = Release|Any CPU
		{73CF60C9-ECF4-4E26-A370-2D07C78973FD}.Debug|Any CPU.ActiveCfg = Debug|Any CPU
		{73CF60C9-ECF4-4E26-A370-2D07C78973FD}.Debug|Any CPU.Build.0 = Debug|Any CPU
		{73CF60C9-ECF4-4E26-A370-2D07C78973FD}.Debug|x64.ActiveCfg = Debug|Any CPU
		{73CF60C9-ECF4-4E26-A370-2D07C78973FD}.Debug|x64.Build.0 = Debug|Any CPU
		{73CF60C9-ECF4-4E26-A370-2D07C78973FD}.Debug|x86.ActiveCfg = Debug|Any CPU
		{73CF60C9-ECF4-4E26-A370-2D07C78973FD}.Debug|x86.Build.0 = Debug|Any CPU
		{73CF60C9-ECF4-4E26-A370-2D07C78973FD}.Release|Any CPU.ActiveCfg = Release|Any CPU
		{73CF60C9-ECF4-4E26-A370-2D07C78973FD}.Release|Any CPU.Build.0 = Release|Any CPU
		{73CF60C9-ECF4-4E26-A370-2D07C78973FD}.Release|x64.ActiveCfg = Release|Any CPU
		{73CF60C9-ECF4-4E26-A370-2D07C78973FD}.Release|x64.Build.0 = Release|Any CPU
		{73CF60C9-ECF4-4E26-A370-2D07C78973FD}.Release|x86.ActiveCfg = Release|Any CPU
		{73CF60C9-ECF4-4E26-A370-2D07C78973FD}.Release|x86.Build.0 = Release|Any CPU
		{5427A374-3AC1-4124-B8C2-4DA7295A4AB7}.Debug|Any CPU.ActiveCfg = Debug|Any CPU
		{5427A374-3AC1-4124-B8C2-4DA7295A4AB7}.Debug|Any CPU.Build.0 = Debug|Any CPU
		{5427A374-3AC1-4124-B8C2-4DA7295A4AB7}.Debug|x64.ActiveCfg = Debug|Any CPU
		{5427A374-3AC1-4124-B8C2-4DA7295A4AB7}.Debug|x64.Build.0 = Debug|Any CPU
		{5427A374-3AC1-4124-B8C2-4DA7295A4AB7}.Debug|x86.ActiveCfg = Debug|Any CPU
		{5427A374-3AC1-4124-B8C2-4DA7295A4AB7}.Debug|x86.Build.0 = Debug|Any CPU
		{5427A374-3AC1-4124-B8C2-4DA7295A4AB7}.Release|Any CPU.ActiveCfg = Release|Any CPU
		{5427A374-3AC1-4124-B8C2-4DA7295A4AB7}.Release|Any CPU.Build.0 = Release|Any CPU
		{5427A374-3AC1-4124-B8C2-4DA7295A4AB7}.Release|x64.ActiveCfg = Release|Any CPU
		{5427A374-3AC1-4124-B8C2-4DA7295A4AB7}.Release|x64.Build.0 = Release|Any CPU
		{5427A374-3AC1-4124-B8C2-4DA7295A4AB7}.Release|x86.ActiveCfg = Release|Any CPU
		{5427A374-3AC1-4124-B8C2-4DA7295A4AB7}.Release|x86.Build.0 = Release|Any CPU
		{90B6A2C8-6BA5-44B4-A170-4B1D04A28F46}.Debug|Any CPU.ActiveCfg = Debug|Any CPU
		{90B6A2C8-6BA5-44B4-A170-4B1D04A28F46}.Debug|Any CPU.Build.0 = Debug|Any CPU
		{90B6A2C8-6BA5-44B4-A170-4B1D04A28F46}.Debug|x64.ActiveCfg = Debug|Any CPU
		{90B6A2C8-6BA5-44B4-A170-4B1D04A28F46}.Debug|x64.Build.0 = Debug|Any CPU
		{90B6A2C8-6BA5-44B4-A170-4B1D04A28F46}.Debug|x86.ActiveCfg = Debug|Any CPU
		{90B6A2C8-6BA5-44B4-A170-4B1D04A28F46}.Debug|x86.Build.0 = Debug|Any CPU
		{90B6A2C8-6BA5-44B4-A170-4B1D04A28F46}.Release|Any CPU.ActiveCfg = Release|Any CPU
		{90B6A2C8-6BA5-44B4-A170-4B1D04A28F46}.Release|Any CPU.Build.0 = Release|Any CPU
		{90B6A2C8-6BA5-44B4-A170-4B1D04A28F46}.Release|x64.ActiveCfg = Release|Any CPU
		{90B6A2C8-6BA5-44B4-A170-4B1D04A28F46}.Release|x64.Build.0 = Release|Any CPU
		{90B6A2C8-6BA5-44B4-A170-4B1D04A28F46}.Release|x86.ActiveCfg = Release|Any CPU
		{90B6A2C8-6BA5-44B4-A170-4B1D04A28F46}.Release|x86.Build.0 = Release|Any CPU
		{E348CE92-C475-4128-840D-7D1D21F72CC9}.Debug|Any CPU.ActiveCfg = Debug|Any CPU
		{E348CE92-C475-4128-840D-7D1D21F72CC9}.Debug|Any CPU.Build.0 = Debug|Any CPU
		{E348CE92-C475-4128-840D-7D1D21F72CC9}.Debug|x64.ActiveCfg = Debug|Any CPU
		{E348CE92-C475-4128-840D-7D1D21F72CC9}.Debug|x64.Build.0 = Debug|Any CPU
		{E348CE92-C475-4128-840D-7D1D21F72CC9}.Debug|x86.ActiveCfg = Debug|Any CPU
		{E348CE92-C475-4128-840D-7D1D21F72CC9}.Debug|x86.Build.0 = Debug|Any CPU
		{E348CE92-C475-4128-840D-7D1D21F72CC9}.Release|Any CPU.ActiveCfg = Release|Any CPU
		{E348CE92-C475-4128-840D-7D1D21F72CC9}.Release|Any CPU.Build.0 = Release|Any CPU
		{E348CE92-C475-4128-840D-7D1D21F72CC9}.Release|x64.ActiveCfg = Release|Any CPU
		{E348CE92-C475-4128-840D-7D1D21F72CC9}.Release|x64.Build.0 = Release|Any CPU
		{E348CE92-C475-4128-840D-7D1D21F72CC9}.Release|x86.ActiveCfg = Release|Any CPU
		{E348CE92-C475-4128-840D-7D1D21F72CC9}.Release|x86.Build.0 = Release|Any CPU
		{8501D62F-BA85-4A3F-9DCA-450E03B02033}.Debug|Any CPU.ActiveCfg = Debug|Any CPU
		{8501D62F-BA85-4A3F-9DCA-450E03B02033}.Debug|Any CPU.Build.0 = Debug|Any CPU
		{8501D62F-BA85-4A3F-9DCA-450E03B02033}.Debug|x64.ActiveCfg = Debug|Any CPU
		{8501D62F-BA85-4A3F-9DCA-450E03B02033}.Debug|x64.Build.0 = Debug|Any CPU
		{8501D62F-BA85-4A3F-9DCA-450E03B02033}.Debug|x86.ActiveCfg = Debug|Any CPU
		{8501D62F-BA85-4A3F-9DCA-450E03B02033}.Debug|x86.Build.0 = Debug|Any CPU
		{8501D62F-BA85-4A3F-9DCA-450E03B02033}.Release|Any CPU.ActiveCfg = Release|Any CPU
		{8501D62F-BA85-4A3F-9DCA-450E03B02033}.Release|Any CPU.Build.0 = Release|Any CPU
		{8501D62F-BA85-4A3F-9DCA-450E03B02033}.Release|x64.ActiveCfg = Release|Any CPU
		{8501D62F-BA85-4A3F-9DCA-450E03B02033}.Release|x64.Build.0 = Release|Any CPU
		{8501D62F-BA85-4A3F-9DCA-450E03B02033}.Release|x86.ActiveCfg = Release|Any CPU
		{8501D62F-BA85-4A3F-9DCA-450E03B02033}.Release|x86.Build.0 = Release|Any CPU
		{9F67FDEE-B3F6-4392-83BE-C0949ADD0B61}.Debug|Any CPU.ActiveCfg = Debug|Any CPU
		{9F67FDEE-B3F6-4392-83BE-C0949ADD0B61}.Debug|Any CPU.Build.0 = Debug|Any CPU
		{9F67FDEE-B3F6-4392-83BE-C0949ADD0B61}.Debug|x64.ActiveCfg = Debug|Any CPU
		{9F67FDEE-B3F6-4392-83BE-C0949ADD0B61}.Debug|x64.Build.0 = Debug|Any CPU
		{9F67FDEE-B3F6-4392-83BE-C0949ADD0B61}.Debug|x86.ActiveCfg = Debug|Any CPU
		{9F67FDEE-B3F6-4392-83BE-C0949ADD0B61}.Debug|x86.Build.0 = Debug|Any CPU
		{9F67FDEE-B3F6-4392-83BE-C0949ADD0B61}.Release|Any CPU.ActiveCfg = Release|Any CPU
		{9F67FDEE-B3F6-4392-83BE-C0949ADD0B61}.Release|Any CPU.Build.0 = Release|Any CPU
		{9F67FDEE-B3F6-4392-83BE-C0949ADD0B61}.Release|x64.ActiveCfg = Release|Any CPU
		{9F67FDEE-B3F6-4392-83BE-C0949ADD0B61}.Release|x64.Build.0 = Release|Any CPU
		{9F67FDEE-B3F6-4392-83BE-C0949ADD0B61}.Release|x86.ActiveCfg = Release|Any CPU
		{9F67FDEE-B3F6-4392-83BE-C0949ADD0B61}.Release|x86.Build.0 = Release|Any CPU
	EndGlobalSection
	GlobalSection(NestedProjects) = preSolution
		{A6C36B8D-7477-4B60-8DFC-C7DC5234A031} = {3A6761CE-00BB-43E3-A355-FC1D588CD773}
		{73CF60C9-ECF4-4E26-A370-2D07C78973FD} = {3A6761CE-00BB-43E3-A355-FC1D588CD773}
		{5427A374-3AC1-4124-B8C2-4DA7295A4AB7} = {3A6761CE-00BB-43E3-A355-FC1D588CD773}
		{90B6A2C8-6BA5-44B4-A170-4B1D04A28F46} = {3A6761CE-00BB-43E3-A355-FC1D588CD773}
		{E348CE92-C475-4128-840D-7D1D21F72CC9} = {B67BA8BB-4EAF-41C9-83C6-4CF93DFBD302}
		{8501D62F-BA85-4A3F-9DCA-450E03B02033} = {B67BA8BB-4EAF-41C9-83C6-4CF93DFBD302}
		{9F67FDEE-B3F6-4392-83BE-C0949ADD0B61} = {B67BA8BB-4EAF-41C9-83C6-4CF93DFBD302}
	EndGlobalSection
EndGlobal
